
Microsoft Visual Studio Solution File, Format Version 12.00
Project("{FAE04EC0-301F-11D3-BF4B-00C04F79EFBC}") = "Assignment.TextGenerator", "Assignment.TextGenerator\Assignment.TextGenerator.csproj", "{35C066F2-2143-47FE-8F3E-0CD5C74392F1}"
EndProject
Project("{FAE04EC0-301F-11D3-BF4B-00C04F79EFBC}") = "Assignment.TextSort", "Assignment.TextSort\Assignment.TextSort.csproj", "{379998EA-EF62-4E1D-8A5F-24A7725F9717}"
EndProject
Project("{FAE04EC0-301F-11D3-BF4B-00C04F79EFBC}") = "Assignment.Infrastructure", "Assignment.Infrastructure\Assignment.Infrastructure.csproj", "{4E2BF745-A5F4-4435-9B76-CF344DD4352E}"
EndProject
Project("{FAE04EC0-301F-11D3-BF4B-00C04F79EFBC}") = "Assignment.Tests", "Assignment.Tests\Assignment.Tests.csproj", "{47660229-6C4B-4BB3-9920-C483093129F5}"
EndProject
Global
	GlobalSection(SolutionConfigurationPlatforms) = preSolution
		Debug|Any CPU = Debug|Any CPU
		Release|Any CPU = Release|Any CPU
	EndGlobalSection
	GlobalSection(ProjectConfigurationPlatforms) = postSolution
		{35C066F2-2143-47FE-8F3E-0CD5C74392F1}.Debug|Any CPU.ActiveCfg = Debug|Any CPU
		{35C066F2-2143-47FE-8F3E-0CD5C74392F1}.Debug|Any CPU.Build.0 = Debug|Any CPU
		{35C066F2-2143-47FE-8F3E-0CD5C74392F1}.Release|Any CPU.ActiveCfg = Release|Any CPU
		{35C066F2-2143-47FE-8F3E-0CD5C74392F1}.Release|Any CPU.Build.0 = Release|Any CPU
		{379998EA-EF62-4E1D-8A5F-24A7725F9717}.Debug|Any CPU.ActiveCfg = Debug|Any CPU
		{379998EA-EF62-4E1D-8A5F-24A7725F9717}.Debug|Any CPU.Build.0 = Debug|Any CPU
		{379998EA-EF62-4E1D-8A5F-24A7725F9717}.Release|Any CPU.ActiveCfg = Release|Any CPU
		{379998EA-EF62-4E1D-8A5F-24A7725F9717}.Release|Any CPU.Build.0 = Release|Any CPU
		{4E2BF745-A5F4-4435-9B76-CF344DD4352E}.Debug|Any CPU.ActiveCfg = Debug|Any CPU
		{4E2BF745-A5F4-4435-9B76-CF344DD4352E}.Debug|Any CPU.Build.0 = Debug|Any CPU
		{4E2BF745-A5F4-4435-9B76-CF344DD4352E}.Release|Any CPU.ActiveCfg = Release|Any CPU
		{4E2BF745-A5F4-4435-9B76-CF344DD4352E}.Release|Any CPU.Build.0 = Release|Any CPU
		{47660229-6C4B-4BB3-9920-C483093129F5}.Debug|Any CPU.ActiveCfg = Debug|Any CPU
		{47660229-6C4B-4BB3-9920-C483093129F5}.Debug|Any CPU.Build.0 = Debug|Any CPU
		{47660229-6C4B-4BB3-9920-C483093129F5}.Release|Any CPU.ActiveCfg = Release|Any CPU
		{47660229-6C4B-4BB3-9920-C483093129F5}.Release|Any CPU.Build.0 = Release|Any CPU
	EndGlobalSection
EndGlobal
